
Microsoft Visual Studio Solution File, Format Version 12.00
# Visual Studio Version 16
VisualStudioVersion = 16.0.31613.86
MinimumVisualStudioVersion = 10.0.40219.1
Project("{9A19103F-16F7-4668-BE54-9A1E7A4F7556}") = "AuthDemo.Web", "AuthDemo.Web\AuthDemo.Web.csproj", "{34DEB041-1D59-428C-8A5E-E78614C4D209}"
EndProject
Project("{FAE04EC0-301F-11D3-BF4B-00C04F79EFBC}") = "AuthDemo.Data", "AuthDemo.Data\AuthDemo.Data.csproj", "{5B85452F-8F5C-43D8-A19B-218264EEAC27}"
EndProject
Global
	GlobalSection(SolutionConfigurationPlatforms) = preSolution
		Debug|Any CPU = Debug|Any CPU
		Release|Any CPU = Release|Any CPU
	EndGlobalSection
	GlobalSection(ProjectConfigurationPlatforms) = postSolution
		{34DEB041-1D59-428C-8A5E-E78614C4D209}.Debug|Any CPU.ActiveCfg = Debug|Any CPU
		{34DEB041-1D59-428C-8A5E-E78614C4D209}.Debug|Any CPU.Build.0 = Debug|Any CPU
		{34DEB041-1D59-428C-8A5E-E78614C4D209}.Release|Any CPU.ActiveCfg = Release|Any CPU
		{34DEB041-1D59-428C-8A5E-E78614C4D209}.Release|Any CPU.Build.0 = Release|Any CPU
		{5B85452F-8F5C-43D8-A19B-218264EEAC27}.Debug|Any CPU.ActiveCfg = Debug|Any CPU
		{5B85452F-8F5C-43D8-A19B-218264EEAC27}.Debug|Any CPU.Build.0 = Debug|Any CPU
		{5B85452F-8F5C-43D8-A19B-218264EEAC27}.Release|Any CPU.ActiveCfg = Release|Any CPU
		{5B85452F-8F5C-43D8-A19B-218264EEAC27}.Release|Any CPU.Build.0 = Release|Any CPU
	EndGlobalSection
	GlobalSection(SolutionProperties) = preSolution
		HideSolutionNode = FALSE
	EndGlobalSection
	GlobalSection(ExtensibilityGlobals) = postSolution
		SolutionGuid = {FD030FF3-3B22-4FF1-810E-1403DCCBBEE6}
	EndGlobalSection
EndGlobal
